
Microsoft Visual Studio Solution File, Format Version 12.00
# Visual Studio Version 17
VisualStudioVersion = 17.6.33829.357
MinimumVisualStudioVersion = 10.0.40219.1
Project("{FAE04EC0-301F-11D3-BF4B-00C04F79EFBC}") = "winform-app", "winform-app\winform-app.csproj", "{6A9B1ECA-DC55-49E1-9E99-2C6A8BEAB85B}"
EndProject
Project("{FAE04EC0-301F-11D3-BF4B-00C04F79EFBC}") = "dominio", "dominio\dominio.csproj", "{4330B6C0-7DB1-4323-9898-5765574DB007}"
EndProject
Project("{FAE04EC0-301F-11D3-BF4B-00C04F79EFBC}") = "negocio", "negocio\negocio.csproj", "{74C3ADE9-FF9A-45AF-8A4F-A8BF1C7991EE}"
EndProject
Global
	GlobalSection(SolutionConfigurationPlatforms) = preSolution
		Debug|Any CPU = Debug|Any CPU
		Release|Any CPU = Release|Any CPU
	EndGlobalSection
	GlobalSection(ProjectConfigurationPlatforms) = postSolution
		{6A9B1ECA-DC55-49E1-9E99-2C6A8BEAB85B}.Debug|Any CPU.ActiveCfg = Debug|Any CPU
		{6A9B1ECA-DC55-49E1-9E99-2C6A8BEAB85B}.Debug|Any CPU.Build.0 = Debug|Any CPU
		{6A9B1ECA-DC55-49E1-9E99-2C6A8BEAB85B}.Release|Any CPU.ActiveCfg = Release|Any CPU
		{6A9B1ECA-DC55-49E1-9E99-2C6A8BEAB85B}.Release|Any CPU.Build.0 = Release|Any CPU
		{4330B6C0-7DB1-4323-9898-5765574DB007}.Debug|Any CPU.ActiveCfg = Debug|Any CPU
		{4330B6C0-7DB1-4323-9898-5765574DB007}.Debug|Any CPU.Build.0 = Debug|Any CPU
		{4330B6C0-7DB1-4323-9898-5765574DB007}.Release|Any CPU.ActiveCfg = Release|Any CPU
		{4330B6C0-7DB1-4323-9898-5765574DB007}.Release|Any CPU.Build.0 = Release|Any CPU
		{74C3ADE9-FF9A-45AF-8A4F-A8BF1C7991EE}.Debug|Any CPU.ActiveCfg = Debug|Any CPU
		{74C3ADE9-FF9A-45AF-8A4F-A8BF1C7991EE}.Debug|Any CPU.Build.0 = Debug|Any CPU
		{74C3ADE9-FF9A-45AF-8A4F-A8BF1C7991EE}.Release|Any CPU.ActiveCfg = Release|Any CPU
		{74C3ADE9-FF9A-45AF-8A4F-A8BF1C7991EE}.Release|Any CPU.Build.0 = Release|Any CPU
	EndGlobalSection
	GlobalSection(SolutionProperties) = preSolution
		HideSolutionNode = FALSE
	EndGlobalSection
	GlobalSection(ExtensibilityGlobals) = postSolution
		SolutionGuid = {1099C62D-13BC-4790-AE66-33C58F7BB5B7}
	EndGlobalSection
EndGlobal
